
Microsoft Visual Studio Solution File, Format Version 12.00
# Visual Studio Version 16
VisualStudioVersion = 16.0.31702.278
MinimumVisualStudioVersion = 10.0.40219.1
Project("{FAE04EC0-301F-11D3-BF4B-00C04F79EFBC}") = "ToDoCoreWpf", "ToDoCoreWpf\ToDoCoreWpf.csproj", "{9B3A0C6C-90A0-4F35-9994-8CC4CD5019CE}"
EndProject
Project("{FAE04EC0-301F-11D3-BF4B-00C04F79EFBC}") = "ToDoCoreWpf.Content", "ToDoCoreWpf.Content\ToDoCoreWpf.Content.csproj", "{80A2DE86-7EFE-4FB5-B269-93D6C63383AB}"
EndProject
Global
	GlobalSection(SolutionConfigurationPlatforms) = preSolution
		Debug|Any CPU = Debug|Any CPU
		Release|Any CPU = Release|Any CPU
	EndGlobalSection
	GlobalSection(ProjectConfigurationPlatforms) = postSolution
		{9B3A0C6C-90A0-4F35-9994-8CC4CD5019CE}.Debug|Any CPU.ActiveCfg = Debug|Any CPU
		{9B3A0C6C-90A0-4F35-9994-8CC4CD5019CE}.Debug|Any CPU.Build.0 = Debug|Any CPU
		{9B3A0C6C-90A0-4F35-9994-8CC4CD5019CE}.Release|Any CPU.ActiveCfg = Release|Any CPU
		{9B3A0C6C-90A0-4F35-9994-8CC4CD5019CE}.Release|Any CPU.Build.0 = Release|Any CPU
		{80A2DE86-7EFE-4FB5-B269-93D6C63383AB}.Debug|Any CPU.ActiveCfg = Debug|Any CPU
		{80A2DE86-7EFE-4FB5-B269-93D6C63383AB}.Debug|Any CPU.Build.0 = Debug|Any CPU
		{80A2DE86-7EFE-4FB5-B269-93D6C63383AB}.Release|Any CPU.ActiveCfg = Release|Any CPU
		{80A2DE86-7EFE-4FB5-B269-93D6C63383AB}.Release|Any CPU.Build.0 = Release|Any CPU
	EndGlobalSection
	GlobalSection(SolutionProperties) = preSolution
		HideSolutionNode = FALSE
	EndGlobalSection
	GlobalSection(ExtensibilityGlobals) = postSolution
		SolutionGuid = {50A09993-0D31-4655-B416-8F552E0613B6}
	EndGlobalSection
EndGlobal
